<?xml version="1.0" encoding="utf-8"?>
<Project ToolsVersion="4.0" xmlns="http://schemas.microsoft.com/developer/msbuild/2003">
  <ItemGroup>
    <ClCompile Include="algorithms.cpp" />
    <ClCompile Include="callbacks.cpp" />
    <ClCompile Include="camera.cpp" />
    <ClCompile Include="globals.cpp" />
    <ClCompile Include="main.cpp" />
    <ClCompile Include="mesh_utils.cpp" />
    <ClCompile Include="physics.cpp" />
    <ClCompile Include="volcano.cpp" />
    <ClCompile Include="skybox\skybox.cpp">
      <Filter>skybox</Filter>
    </ClCompile>
    <ClCompile Include="obj_loader.cpp" />
    <ClCompile Include="chest.cpp">
      <Filter>chest</Filter>
    </ClCompile>
    <ClCompile Include="bird.cpp" />
    <ClCompile Include="cloud.cpp" />
  </ItemGroup>
  <ItemGroup>
    <ClInclude Include="algorithms.h" />
    <ClInclude Include="callbacks.h" />
    <ClInclude Include="camera.h" />
    <ClInclude Include="globals.h" />
    <ClInclude Include="mesh_utils.h" />
    <ClInclude Include="physics.h" />
    <ClInclude Include="volcano.h" />
    <ClInclude Include="skybox\skybox.h">
      <Filter>skybox</Filter>
    </ClInclude>
    <ClInclude Include="obj_loader.h" />
    <ClInclude Include="chest.h">
      <Filter>chest</Filter>
    </ClInclude>
    <ClInclude Include="bird.h" />
    <ClInclude Include="cloud.h" />
  </ItemGroup>
  <ItemGroup>
    <None Include="README.txt" />
    <None Include="simple-vs.glsl" />
    <None Include="skybox-vs.glsl">
      <Filter>skybox</Filter>
    </None>
    <None Include="skybox-fs.glsl">
      <Filter>skybox</Filter>
    </None>
    <None Include="simple-fs.glsl" />
    <None Include="treasure\chest-vs.glsl">
      <Filter>chest</Filter>
    </None>
    <None Include="treasure\chest-fs.glsl">
      <Filter>chest</Filter>
    </None>
    <None Include="cloud-vs.glsl" />
    <None Include="cloud-fs.glsl" />
  </ItemGroup>
  <ItemGroup>
    <Filter Include="skybox">
      <UniqueIdentifier>{68658197-0c5e-4318-b7c9-662dba540c8a}</UniqueIdentifier>
    </Filter>
    <Filter Include="chest">
      <UniqueIdentifier>{4734b1c8-6889-44fa-a67a-c95620349b4b}</UniqueIdentifier>
    </Filter>
  </ItemGroup>
</Project>